
Microsoft Visual Studio Solution File, Format Version 12.00
# Visual Studio Version 17
VisualStudioVersion = 17.5.33530.505
MinimumVisualStudioVersion = 10.0.40219.1
Project("{FAE04EC0-301F-11D3-BF4B-00C04F79EFBC}") = "SBS_NBA_DavTest", "SBS_NBA_DavTest.csproj", "{495F1AE6-7F88-4BD4-9438-CD157EF3C953}"
EndProject
Global
	GlobalSection(SolutionConfigurationPlatforms) = preSolution
		Debug|Any CPU = Debug|Any CPU
		Release|Any CPU = Release|Any CPU
	EndGlobalSection
	GlobalSection(ProjectConfigurationPlatforms) = postSolution
		{495F1AE6-7F88-4BD4-9438-CD157EF3C953}.Debug|Any CPU.ActiveCfg = Debug|Any CPU
		{495F1AE6-7F88-4BD4-9438-CD157EF3C953}.Debug|Any CPU.Build.0 = Debug|Any CPU
		{495F1AE6-7F88-4BD4-9438-CD157EF3C953}.Release|Any CPU.ActiveCfg = Release|Any CPU
		{495F1AE6-7F88-4BD4-9438-CD157EF3C953}.Release|Any CPU.Build.0 = Release|Any CPU
	EndGlobalSection
	GlobalSection(SolutionProperties) = preSolution
		HideSolutionNode = FALSE
	EndGlobalSection
	GlobalSection(ExtensibilityGlobals) = postSolution
		SolutionGuid = {F2EB3565-D172-470D-A878-CAF04ACCE7AD}
	EndGlobalSection
EndGlobal
